// !$*UTF8*$!
{
	archiveVersion = 1;
	classes = {
	};
	objectVersion = 46;
	objects = {

/* Begin PBXBuildFile section */
		E7B467A7D64CB0C815669B6E /* Pods_iRouming.framework in Frameworks */ = {isa = PBXBuildFile; fileRef = A91C9E61FD2A6B83EA682637 /* Pods_iRouming.framework */; };
		F403F7A91BFCD832002B7023 /* AppDelegate.swift in Sources */ = {isa = PBXBuildFile; fileRef = F403F7A81BFCD832002B7023 /* AppDelegate.swift */; };
		F403F7B01BFCD832002B7023 /* Main.storyboard in Resources */ = {isa = PBXBuildFile; fileRef = F403F7AE1BFCD832002B7023 /* Main.storyboard */; };
		F403F7B21BFCD832002B7023 /* Assets.xcassets in Resources */ = {isa = PBXBuildFile; fileRef = F403F7B11BFCD832002B7023 /* Assets.xcassets */; };
		F403F7B51BFCD832002B7023 /* LaunchScreen.storyboard in Resources */ = {isa = PBXBuildFile; fileRef = F403F7B31BFCD832002B7023 /* LaunchScreen.storyboard */; };
		F403F7C01BFCD833002B7023 /* iRoumingTests.swift in Sources */ = {isa = PBXBuildFile; fileRef = F403F7BF1BFCD833002B7023 /* iRoumingTests.swift */; };
		F403F7CB1BFCD833002B7023 /* iRoumingUITests.swift in Sources */ = {isa = PBXBuildFile; fileRef = F403F7CA1BFCD833002B7023 /* iRoumingUITests.swift */; };
		F403F7EA1BFCDA9C002B7023 /* Icon512.png in Resources */ = {isa = PBXBuildFile; fileRef = F403F7DE1BFCDA9C002B7023 /* Icon512.png */; };
		F403F7EC1BFCDA9C002B7023 /* iRoumingSharerSettings.plist in Resources */ = {isa = PBXBuildFile; fileRef = F403F7E01BFCDA9C002B7023 /* iRoumingSharerSettings.plist */; };
		F403F7ED1BFCDA9C002B7023 /* Titillium-Light.otf in Resources */ = {isa = PBXBuildFile; fileRef = F403F7E11BFCDA9C002B7023 /* Titillium-Light.otf */; };
		F403F7EE1BFCDA9C002B7023 /* Titillium-Regular.otf in Resources */ = {isa = PBXBuildFile; fileRef = F403F7E21BFCDA9C002B7023 /* Titillium-Regular.otf */; };
		F403F7EF1BFCDA9C002B7023 /* Titillium-Semibold.otf in Resources */ = {isa = PBXBuildFile; fileRef = F403F7E31BFCDA9C002B7023 /* Titillium-Semibold.otf */; };
		F403F7F01BFCDA9C002B7023 /* Titillium-Thin.otf in Resources */ = {isa = PBXBuildFile; fileRef = F403F7E41BFCDA9C002B7023 /* Titillium-Thin.otf */; };
		F403F7F11BFCDA9C002B7023 /* Titillium-ThinItalic.otf in Resources */ = {isa = PBXBuildFile; fileRef = F403F7E51BFCDA9C002B7023 /* Titillium-ThinItalic.otf */; };
		F403F7F21BFCDA9C002B7023 /* youtubeEmbed.html in Resources */ = {isa = PBXBuildFile; fileRef = F403F7E61BFCDA9C002B7023 /* youtubeEmbed.html */; };
		F43C66D01BFD01810038BD3C /* FunnyObject.swift in Sources */ = {isa = PBXBuildFile; fileRef = F43C66CF1BFD01810038BD3C /* FunnyObject.swift */; };
		F43C66D21BFD02820038BD3C /* CommentObject.swift in Sources */ = {isa = PBXBuildFile; fileRef = F43C66D11BFD02820038BD3C /* CommentObject.swift */; };
		F43C66D41BFD23A30038BD3C /* ImageObject.swift in Sources */ = {isa = PBXBuildFile; fileRef = F43C66D31BFD23A30038BD3C /* ImageObject.swift */; };
		F43C66D61BFD28620038BD3C /* JokeObject.swift in Sources */ = {isa = PBXBuildFile; fileRef = F43C66D51BFD28610038BD3C /* JokeObject.swift */; };
		F43C66D81BFD29280038BD3C /* VideoObject.swift in Sources */ = {isa = PBXBuildFile; fileRef = F43C66D71BFD29280038BD3C /* VideoObject.swift */; };
		F43C66DA1BFD2B290038BD3C /* GifObject.swift in Sources */ = {isa = PBXBuildFile; fileRef = F43C66D91BFD2B290038BD3C /* GifObject.swift */; };
		F43C66DC1BFD2FC00038BD3C /* ForumPostObject.swift in Sources */ = {isa = PBXBuildFile; fileRef = F43C66DB1BFD2FC00038BD3C /* ForumPostObject.swift */; };
		F43C66DE1BFD37D90038BD3C /* ForumThreadObject.swift in Sources */ = {isa = PBXBuildFile; fileRef = F43C66DD1BFD37D90038BD3C /* ForumThreadObject.swift */; };
		F43C66E01BFDD1260038BD3C /* ImagesManager.swift in Sources */ = {isa = PBXBuildFile; fileRef = F43C66DF1BFDD1260038BD3C /* ImagesManager.swift */; };
		F43C66E21BFDD2160038BD3C /* JokesManager.swift in Sources */ = {isa = PBXBuildFile; fileRef = F43C66E11BFDD2160038BD3C /* JokesManager.swift */; };
		F43C66E41BFDD38C0038BD3C /* VideosManager.swift in Sources */ = {isa = PBXBuildFile; fileRef = F43C66E31BFDD38C0038BD3C /* VideosManager.swift */; };
		F43C66E61BFDD42C0038BD3C /* GifsManager.swift in Sources */ = {isa = PBXBuildFile; fileRef = F43C66E51BFDD42C0038BD3C /* GifsManager.swift */; };
		F43C66E81BFDD4D50038BD3C /* ForumManager.swift in Sources */ = {isa = PBXBuildFile; fileRef = F43C66E71BFDD4D50038BD3C /* ForumManager.swift */; };
		F43C66ED1BFDF1130038BD3C /* ImagesViewController.swift in Sources */ = {isa = PBXBuildFile; fileRef = F43C66EC1BFDF1130038BD3C /* ImagesViewController.swift */; };
		F43C66EF1BFDF12B0038BD3C /* ImagesCell.swift in Sources */ = {isa = PBXBuildFile; fileRef = F43C66EE1BFDF12B0038BD3C /* ImagesCell.swift */; };
		F43C66F21BFDF1DD0038BD3C /* CommentsViewController.swift in Sources */ = {isa = PBXBuildFile; fileRef = F43C66F11BFDF1DD0038BD3C /* CommentsViewController.swift */; };
		F43C66F41BFDF1F40038BD3C /* CommentableViewController.swift in Sources */ = {isa = PBXBuildFile; fileRef = F43C66F31BFDF1F40038BD3C /* CommentableViewController.swift */; };
		F43C66F61BFDF20B0038BD3C /* CommentCell.swift in Sources */ = {isa = PBXBuildFile; fileRef = F43C66F51BFDF20B0038BD3C /* CommentCell.swift */; };
		F43C66F91BFDF25A0038BD3C /* VideosViewController.swift in Sources */ = {isa = PBXBuildFile; fileRef = F43C66F81BFDF25A0038BD3C /* VideosViewController.swift */; };
		F43C66FB1BFDF26A0038BD3C /* VideoCell.swift in Sources */ = {isa = PBXBuildFile; fileRef = F43C66FA1BFDF26A0038BD3C /* VideoCell.swift */; };
		F43C66FE1BFDF2AF0038BD3C /* JokesViewController.swift in Sources */ = {isa = PBXBuildFile; fileRef = F43C66FD1BFDF2AF0038BD3C /* JokesViewController.swift */; };
		F43C67001BFDF2C50038BD3C /* JokeCell.swift in Sources */ = {isa = PBXBuildFile; fileRef = F43C66FF1BFDF2C50038BD3C /* JokeCell.swift */; };
		F43C67021BFDF2D30038BD3C /* LoadingCell.swift in Sources */ = {isa = PBXBuildFile; fileRef = F43C67011BFDF2D30038BD3C /* LoadingCell.swift */; };
		F43C67041BFDF2EC0038BD3C /* AutoWidthLabel.swift in Sources */ = {isa = PBXBuildFile; fileRef = F43C67031BFDF2EC0038BD3C /* AutoWidthLabel.swift */; };
		F43C67071BFDF3280038BD3C /* GifsViewController.swift in Sources */ = {isa = PBXBuildFile; fileRef = F43C67061BFDF3280038BD3C /* GifsViewController.swift */; };
		F43C67091BFDF33F0038BD3C /* GifCell.swift in Sources */ = {isa = PBXBuildFile; fileRef = F43C67081BFDF33F0038BD3C /* GifCell.swift */; };
		F43C670C1BFDF36D0038BD3C /* ForumViewController.swift in Sources */ = {isa = PBXBuildFile; fileRef = F43C670B1BFDF36D0038BD3C /* ForumViewController.swift */; };
		F43C670E1BFDF39C0038BD3C /* ForumThreadsViewController.swift in Sources */ = {isa = PBXBuildFile; fileRef = F43C670D1BFDF39C0038BD3C /* ForumThreadsViewController.swift */; };
		F43C67101BFDF3BC0038BD3C /* ForumPostCell.swift in Sources */ = {isa = PBXBuildFile; fileRef = F43C670F1BFDF3BC0038BD3C /* ForumPostCell.swift */; };
		F43C67121BFDF3CF0038BD3C /* ForumThreadCell.swift in Sources */ = {isa = PBXBuildFile; fileRef = F43C67111BFDF3CF0038BD3C /* ForumThreadCell.swift */; };
		F43C67151BFDF40A0038BD3C /* AboutViewController.swift in Sources */ = {isa = PBXBuildFile; fileRef = F43C67141BFDF40A0038BD3C /* AboutViewController.swift */; };
		F43C67181BFE00890038BD3C /* GalleryViewController.swift in Sources */ = {isa = PBXBuildFile; fileRef = F43C67171BFE00890038BD3C /* GalleryViewController.swift */; };
		F43C671A1BFE00B30038BD3C /* ImageScrollView.swift in Sources */ = {isa = PBXBuildFile; fileRef = F43C67191BFE00B30038BD3C /* ImageScrollView.swift */; };
		F43C671C1BFE00C50038BD3C /* GalleryLabel.swift in Sources */ = {isa = PBXBuildFile; fileRef = F43C671B1BFE00C50038BD3C /* GalleryLabel.swift */; };
		F43C671E1BFE00EC0038BD3C /* GalleryCell.swift in Sources */ = {isa = PBXBuildFile; fileRef = F43C671D1BFE00EC0038BD3C /* GalleryCell.swift */; };
		F43C67201BFE01040038BD3C /* CommentsButton.swift in Sources */ = {isa = PBXBuildFile; fileRef = F43C671F1BFE01040038BD3C /* CommentsButton.swift */; };
		F43C67231BFE048C0038BD3C /* GANTracker.swift in Sources */ = {isa = PBXBuildFile; fileRef = F43C67221BFE048C0038BD3C /* GANTracker.swift */; };
		F43C67251BFE05D80038BD3C /* GoogleService-Info.plist in Resources */ = {isa = PBXBuildFile; fileRef = F43C67241BFE05D80038BD3C /* GoogleService-Info.plist */; };
		F43C672B1BFE24B30038BD3C /* CustomSHKConfigurator.swift in Sources */ = {isa = PBXBuildFile; fileRef = F43C672A1BFE24B30038BD3C /* CustomSHKConfigurator.swift */; };
		F43C672D1BFE3D670038BD3C /* UIImageView+Alamofire.swift in Sources */ = {isa = PBXBuildFile; fileRef = F43C672C1BFE3D670038BD3C /* UIImageView+Alamofire.swift */; };
/* End PBXBuildFile section */

/* Begin PBXContainerItemProxy section */
		F403F7BC1BFCD833002B7023 /* PBXContainerItemProxy */ = {
			isa = PBXContainerItemProxy;
			containerPortal = F403F79D1BFCD832002B7023 /* Project object */;
			proxyType = 1;
			remoteGlobalIDString = F403F7A41BFCD832002B7023;
			remoteInfo = iRouming;
		};
		F403F7C71BFCD833002B7023 /* PBXContainerItemProxy */ = {
			isa = PBXContainerItemProxy;
			containerPortal = F403F79D1BFCD832002B7023 /* Project object */;
			proxyType = 1;
			remoteGlobalIDString = F403F7A41BFCD832002B7023;
			remoteInfo = iRouming;
		};
/* End PBXContainerItemProxy section */

/* Begin PBXFileReference section */
		1D21169FDB49DA8B21885432 /* Pods-iRouming.debug.xcconfig */ = {isa = PBXFileReference; includeInIndex = 1; lastKnownFileType = text.xcconfig; name = "Pods-iRouming.debug.xcconfig"; path = "Pods/Target Support Files/Pods-iRouming/Pods-iRouming.debug.xcconfig"; sourceTree = "<group>"; };
		4DDA7D10187AB5AE86B5FAF1 /* Pods-iRouming.release.xcconfig */ = {isa = PBXFileReference; includeInIndex = 1; lastKnownFileType = text.xcconfig; name = "Pods-iRouming.release.xcconfig"; path = "Pods/Target Support Files/Pods-iRouming/Pods-iRouming.release.xcconfig"; sourceTree = "<group>"; };
		A91C9E61FD2A6B83EA682637 /* Pods_iRouming.framework */ = {isa = PBXFileReference; explicitFileType = wrapper.framework; includeInIndex = 0; path = Pods_iRouming.framework; sourceTree = BUILT_PRODUCTS_DIR; };
		F403F7A51BFCD832002B7023 /* iRouming.app */ = {isa = PBXFileReference; explicitFileType = wrapper.application; includeInIndex = 0; path = iRouming.app; sourceTree = BUILT_PRODUCTS_DIR; };
		F403F7A81BFCD832002B7023 /* AppDelegate.swift */ = {isa = PBXFileReference; lastKnownFileType = sourcecode.swift; path = AppDelegate.swift; sourceTree = "<group>"; };
		F403F7AF1BFCD832002B7023 /* Base */ = {isa = PBXFileReference; lastKnownFileType = file.storyboard; name = Base; path = Base.lproj/Main.storyboard; sourceTree = "<group>"; };
		F403F7B11BFCD832002B7023 /* Assets.xcassets */ = {isa = PBXFileReference; lastKnownFileType = folder.assetcatalog; path = Assets.xcassets; sourceTree = "<group>"; };
		F403F7B41BFCD832002B7023 /* Base */ = {isa = PBXFileReference; lastKnownFileType = file.storyboard; name = Base; path = Base.lproj/LaunchScreen.storyboard; sourceTree = "<group>"; };
		F403F7B61BFCD832002B7023 /* Info.plist */ = {isa = PBXFileReference; lastKnownFileType = text.plist.xml; path = Info.plist; sourceTree = "<group>"; };
		F403F7BB1BFCD833002B7023 /* iRoumingTests.xctest */ = {isa = PBXFileReference; explicitFileType = wrapper.cfbundle; includeInIndex = 0; path = iRoumingTests.xctest; sourceTree = BUILT_PRODUCTS_DIR; };
		F403F7BF1BFCD833002B7023 /* iRoumingTests.swift */ = {isa = PBXFileReference; lastKnownFileType = sourcecode.swift; path = iRoumingTests.swift; sourceTree = "<group>"; };
		F403F7C11BFCD833002B7023 /* Info.plist */ = {isa = PBXFileReference; lastKnownFileType = text.plist.xml; path = Info.plist; sourceTree = "<group>"; };
		F403F7C61BFCD833002B7023 /* iRoumingUITests.xctest */ = {isa = PBXFileReference; explicitFileType = wrapper.cfbundle; includeInIndex = 0; path = iRoumingUITests.xctest; sourceTree = BUILT_PRODUCTS_DIR; };
		F403F7CA1BFCD833002B7023 /* iRoumingUITests.swift */ = {isa = PBXFileReference; lastKnownFileType = sourcecode.swift; path = iRoumingUITests.swift; sourceTree = "<group>"; };
		F403F7CC1BFCD833002B7023 /* Info.plist */ = {isa = PBXFileReference; lastKnownFileType = text.plist.xml; path = Info.plist; sourceTree = "<group>"; };
		F403F7DE1BFCDA9C002B7023 /* Icon512.png */ = {isa = PBXFileReference; lastKnownFileType = image.png; path = Icon512.png; sourceTree = "<group>"; };
		F403F7E01BFCDA9C002B7023 /* iRoumingSharerSettings.plist */ = {isa = PBXFileReference; fileEncoding = 4; lastKnownFileType = text.plist.xml; path = iRoumingSharerSettings.plist; sourceTree = "<group>"; };
		F403F7E11BFCDA9C002B7023 /* Titillium-Light.otf */ = {isa = PBXFileReference; lastKnownFileType = file; path = "Titillium-Light.otf"; sourceTree = "<group>"; };
		F403F7E21BFCDA9C002B7023 /* Titillium-Regular.otf */ = {isa = PBXFileReference; lastKnownFileType = file; path = "Titillium-Regular.otf"; sourceTree = "<group>"; };
		F403F7E31BFCDA9C002B7023 /* Titillium-Semibold.otf */ = {isa = PBXFileReference; lastKnownFileType = file; path = "Titillium-Semibold.otf"; sourceTree = "<group>"; };
		F403F7E41BFCDA9C002B7023 /* Titillium-Thin.otf */ = {isa = PBXFileReference; lastKnownFileType = file; path = "Titillium-Thin.otf"; sourceTree = "<group>"; };
		F403F7E51BFCDA9C002B7023 /* Titillium-ThinItalic.otf */ = {isa = PBXFileReference; lastKnownFileType = file; path = "Titillium-ThinItalic.otf"; sourceTree = "<group>"; };
		F403F7E61BFCDA9C002B7023 /* youtubeEmbed.html */ = {isa = PBXFileReference; fileEncoding = 4; lastKnownFileType = text.html; path = youtubeEmbed.html; sourceTree = "<group>"; };
		F43C66CF1BFD01810038BD3C /* FunnyObject.swift */ = {isa = PBXFileReference; fileEncoding = 4; lastKnownFileType = sourcecode.swift; name = FunnyObject.swift; path = Model/FunnyObject.swift; sourceTree = "<group>"; };
		F43C66D11BFD02820038BD3C /* CommentObject.swift */ = {isa = PBXFileReference; fileEncoding = 4; lastKnownFileType = sourcecode.swift; name = CommentObject.swift; path = Model/CommentObject.swift; sourceTree = "<group>"; };
		F43C66D31BFD23A30038BD3C /* ImageObject.swift */ = {isa = PBXFileReference; fileEncoding = 4; lastKnownFileType = sourcecode.swift; name = ImageObject.swift; path = Model/ImageObject.swift; sourceTree = "<group>"; };
		F43C66D51BFD28610038BD3C /* JokeObject.swift */ = {isa = PBXFileReference; fileEncoding = 4; lastKnownFileType = sourcecode.swift; name = JokeObject.swift; path = Model/JokeObject.swift; sourceTree = "<group>"; };
		F43C66D71BFD29280038BD3C /* VideoObject.swift */ = {isa = PBXFileReference; fileEncoding = 4; lastKnownFileType = sourcecode.swift; name = VideoObject.swift; path = Model/VideoObject.swift; sourceTree = "<group>"; };
		F43C66D91BFD2B290038BD3C /* GifObject.swift */ = {isa = PBXFileReference; fileEncoding = 4; lastKnownFileType = sourcecode.swift; name = GifObject.swift; path = Model/GifObject.swift; sourceTree = "<group>"; };
		F43C66DB1BFD2FC00038BD3C /* ForumPostObject.swift */ = {isa = PBXFileReference; fileEncoding = 4; lastKnownFileType = sourcecode.swift; name = ForumPostObject.swift; path = Model/ForumPostObject.swift; sourceTree = "<group>"; };
		F43C66DD1BFD37D90038BD3C /* ForumThreadObject.swift */ = {isa = PBXFileReference; fileEncoding = 4; lastKnownFileType = sourcecode.swift; name = ForumThreadObject.swift; path = Model/ForumThreadObject.swift; sourceTree = "<group>"; };
		F43C66DF1BFDD1260038BD3C /* ImagesManager.swift */ = {isa = PBXFileReference; fileEncoding = 4; lastKnownFileType = sourcecode.swift; name = ImagesManager.swift; path = Model/ImagesManager.swift; sourceTree = "<group>"; };
		F43C66E11BFDD2160038BD3C /* JokesManager.swift */ = {isa = PBXFileReference; fileEncoding = 4; lastKnownFileType = sourcecode.swift; name = JokesManager.swift; path = Model/JokesManager.swift; sourceTree = "<group>"; };
		F43C66E31BFDD38C0038BD3C /* VideosManager.swift */ = {isa = PBXFileReference; fileEncoding = 4; lastKnownFileType = sourcecode.swift; name = VideosManager.swift; path = Model/VideosManager.swift; sourceTree = "<group>"; };
		F43C66E51BFDD42C0038BD3C /* GifsManager.swift */ = {isa = PBXFileReference; fileEncoding = 4; lastKnownFileType = sourcecode.swift; name = GifsManager.swift; path = Model/GifsManager.swift; sourceTree = "<group>"; };
		F43C66E71BFDD4D50038BD3C /* ForumManager.swift */ = {isa = PBXFileReference; fileEncoding = 4; lastKnownFileType = sourcecode.swift; name = ForumManager.swift; path = Model/ForumManager.swift; sourceTree = "<group>"; };
		F43C66EC1BFDF1130038BD3C /* ImagesViewController.swift */ = {isa = PBXFileReference; fileEncoding = 4; lastKnownFileType = sourcecode.swift; name = ImagesViewController.swift; path = ImagesScreen/ImagesViewController.swift; sourceTree = "<group>"; };
		F43C66EE1BFDF12B0038BD3C /* ImagesCell.swift */ = {isa = PBXFileReference; fileEncoding = 4; lastKnownFileType = sourcecode.swift; name = ImagesCell.swift; path = ImagesScreen/ImagesCell.swift; sourceTree = "<group>"; };
		F43C66F11BFDF1DD0038BD3C /* CommentsViewController.swift */ = {isa = PBXFileReference; fileEncoding = 4; lastKnownFileType = sourcecode.swift; name = CommentsViewController.swift; path = CommentsScreen/CommentsViewController.swift; sourceTree = "<group>"; };
		F43C66F31BFDF1F40038BD3C /* CommentableViewController.swift */ = {isa = PBXFileReference; fileEncoding = 4; lastKnownFileType = sourcecode.swift; name = CommentableViewController.swift; path = CommentsScreen/CommentableViewController.swift; sourceTree = "<group>"; };
		F43C66F51BFDF20B0038BD3C /* CommentCell.swift */ = {isa = PBXFileReference; fileEncoding = 4; lastKnownFileType = sourcecode.swift; name = CommentCell.swift; path = CommentsScreen/CommentCell.swift; sourceTree = "<group>"; };
		F43C66F81BFDF25A0038BD3C /* VideosViewController.swift */ = {isa = PBXFileReference; fileEncoding = 4; lastKnownFileType = sourcecode.swift; name = VideosViewController.swift; path = VideosScreen/VideosViewController.swift; sourceTree = "<group>"; };
		F43C66FA1BFDF26A0038BD3C /* VideoCell.swift */ = {isa = PBXFileReference; fileEncoding = 4; lastKnownFileType = sourcecode.swift; name = VideoCell.swift; path = VideosScreen/VideoCell.swift; sourceTree = "<group>"; };
		F43C66FD1BFDF2AF0038BD3C /* JokesViewController.swift */ = {isa = PBXFileReference; fileEncoding = 4; lastKnownFileType = sourcecode.swift; name = JokesViewController.swift; path = JokesScreen/JokesViewController.swift; sourceTree = "<group>"; };
		F43C66FF1BFDF2C50038BD3C /* JokeCell.swift */ = {isa = PBXFileReference; fileEncoding = 4; lastKnownFileType = sourcecode.swift; name = JokeCell.swift; path = JokesScreen/JokeCell.swift; sourceTree = "<group>"; };
		F43C67011BFDF2D30038BD3C /* LoadingCell.swift */ = {isa = PBXFileReference; fileEncoding = 4; lastKnownFileType = sourcecode.swift; name = LoadingCell.swift; path = JokesScreen/LoadingCell.swift; sourceTree = "<group>"; };
		F43C67031BFDF2EC0038BD3C /* AutoWidthLabel.swift */ = {isa = PBXFileReference; fileEncoding = 4; lastKnownFileType = sourcecode.swift; name = AutoWidthLabel.swift; path = JokesScreen/AutoWidthLabel.swift; sourceTree = "<group>"; };
		F43C67061BFDF3280038BD3C /* GifsViewController.swift */ = {isa = PBXFileReference; fileEncoding = 4; lastKnownFileType = sourcecode.swift; name = GifsViewController.swift; path = GifsScreen/GifsViewController.swift; sourceTree = "<group>"; };
		F43C67081BFDF33F0038BD3C /* GifCell.swift */ = {isa = PBXFileReference; fileEncoding = 4; lastKnownFileType = sourcecode.swift; name = GifCell.swift; path = GifsScreen/GifCell.swift; sourceTree = "<group>"; };
		F43C670B1BFDF36D0038BD3C /* ForumViewController.swift */ = {isa = PBXFileReference; fileEncoding = 4; lastKnownFileType = sourcecode.swift; name = ForumViewController.swift; path = ForumScreen/ForumViewController.swift; sourceTree = "<group>"; };
		F43C670D1BFDF39C0038BD3C /* ForumThreadsViewController.swift */ = {isa = PBXFileReference; fileEncoding = 4; lastKnownFileType = sourcecode.swift; name = ForumThreadsViewController.swift; path = ForumScreen/ForumThreadsViewController.swift; sourceTree = "<group>"; };
		F43C670F1BFDF3BC0038BD3C /* ForumPostCell.swift */ = {isa = PBXFileReference; fileEncoding = 4; lastKnownFileType = sourcecode.swift; name = ForumPostCell.swift; path = ForumScreen/ForumPostCell.swift; sourceTree = "<group>"; };
		F43C67111BFDF3CF0038BD3C /* ForumThreadCell.swift */ = {isa = PBXFileReference; fileEncoding = 4; lastKnownFileType = sourcecode.swift; name = ForumThreadCell.swift; path = ForumScreen/ForumThreadCell.swift; sourceTree = "<group>"; };
		F43C67141BFDF40A0038BD3C /* AboutViewController.swift */ = {isa = PBXFileReference; fileEncoding = 4; lastKnownFileType = sourcecode.swift; name = AboutViewController.swift; path = AboutScreen/AboutViewController.swift; sourceTree = "<group>"; };
		F43C67171BFE00890038BD3C /* GalleryViewController.swift */ = {isa = PBXFileReference; fileEncoding = 4; lastKnownFileType = sourcecode.swift; name = GalleryViewController.swift; path = Gallery/GalleryViewController.swift; sourceTree = "<group>"; };
		F43C67191BFE00B30038BD3C /* ImageScrollView.swift */ = {isa = PBXFileReference; fileEncoding = 4; lastKnownFileType = sourcecode.swift; name = ImageScrollView.swift; path = Gallery/ImageScrollView.swift; sourceTree = "<group>"; };
		F43C671B1BFE00C50038BD3C /* GalleryLabel.swift */ = {isa = PBXFileReference; fileEncoding = 4; lastKnownFileType = sourcecode.swift; name = GalleryLabel.swift; path = Gallery/GalleryLabel.swift; sourceTree = "<group>"; };
		F43C671D1BFE00EC0038BD3C /* GalleryCell.swift */ = {isa = PBXFileReference; fileEncoding = 4; lastKnownFileType = sourcecode.swift; name = GalleryCell.swift; path = Gallery/GalleryCell.swift; sourceTree = "<group>"; };
		F43C671F1BFE01040038BD3C /* CommentsButton.swift */ = {isa = PBXFileReference; fileEncoding = 4; lastKnownFileType = sourcecode.swift; name = CommentsButton.swift; path = Gallery/CommentsButton.swift; sourceTree = "<group>"; };
		F43C67221BFE048C0038BD3C /* GANTracker.swift */ = {isa = PBXFileReference; fileEncoding = 4; lastKnownFileType = sourcecode.swift; name = GANTracker.swift; path = utils/GANTracker.swift; sourceTree = "<group>"; };
		F43C67241BFE05D80038BD3C /* GoogleService-Info.plist */ = {isa = PBXFileReference; fileEncoding = 4; lastKnownFileType = text.plist.xml; path = "GoogleService-Info.plist"; sourceTree = "<group>"; };
		F43C67261BFE06C90038BD3C /* iRouming-Bridging-Header.h */ = {isa = PBXFileReference; lastKnownFileType = sourcecode.c.h; path = "iRouming-Bridging-Header.h"; sourceTree = "<group>"; };
		F43C672A1BFE24B30038BD3C /* CustomSHKConfigurator.swift */ = {isa = PBXFileReference; fileEncoding = 4; lastKnownFileType = sourcecode.swift; path = CustomSHKConfigurator.swift; sourceTree = "<group>"; };
		F43C672C1BFE3D670038BD3C /* UIImageView+Alamofire.swift */ = {isa = PBXFileReference; fileEncoding = 4; lastKnownFileType = sourcecode.swift; name = "UIImageView+Alamofire.swift"; path = "utils/UIImageView+Alamofire.swift"; sourceTree = "<group>"; };
/* End PBXFileReference section */

/* Begin PBXFrameworksBuildPhase section */
		F403F7A21BFCD832002B7023 /* Frameworks */ = {
			isa = PBXFrameworksBuildPhase;
			buildActionMask = 2147483647;
			files = (
				E7B467A7D64CB0C815669B6E /* Pods_iRouming.framework in Frameworks */,
			);
			runOnlyForDeploymentPostprocessing = 0;
		};
		F403F7B81BFCD833002B7023 /* Frameworks */ = {
			isa = PBXFrameworksBuildPhase;
			buildActionMask = 2147483647;
			files = (
			);
			runOnlyForDeploymentPostprocessing = 0;
		};
		F403F7C31BFCD833002B7023 /* Frameworks */ = {
			isa = PBXFrameworksBuildPhase;
			buildActionMask = 2147483647;
			files = (
			);
			runOnlyForDeploymentPostprocessing = 0;
		};
/* End PBXFrameworksBuildPhase section */

/* Begin PBXGroup section */
		33B7BDACEFEC69698A44F3B9 /* Pods */ = {
			isa = PBXGroup;
			children = (
				1D21169FDB49DA8B21885432 /* Pods-iRouming.debug.xcconfig */,
				4DDA7D10187AB5AE86B5FAF1 /* Pods-iRouming.release.xcconfig */,
			);
			name = Pods;
			sourceTree = "<group>";
		};
		DD708ABD435D0667DC561C55 /* Frameworks */ = {
			isa = PBXGroup;
			children = (
				A91C9E61FD2A6B83EA682637 /* Pods_iRouming.framework */,
			);
			name = Frameworks;
			sourceTree = "<group>";
		};
		F403F79C1BFCD832002B7023 = {
			isa = PBXGroup;
			children = (
				F403F7A71BFCD832002B7023 /* iRouming */,
				F403F7BE1BFCD833002B7023 /* iRoumingTests */,
				F403F7C91BFCD833002B7023 /* iRoumingUITests */,
				F403F7A61BFCD832002B7023 /* Products */,
				33B7BDACEFEC69698A44F3B9 /* Pods */,
				DD708ABD435D0667DC561C55 /* Frameworks */,
			);
			sourceTree = "<group>";
		};
		F403F7A61BFCD832002B7023 /* Products */ = {
			isa = PBXGroup;
			children = (
				F403F7A51BFCD832002B7023 /* iRouming.app */,
				F403F7BB1BFCD833002B7023 /* iRoumingTests.xctest */,
				F403F7C61BFCD833002B7023 /* iRoumingUITests.xctest */,
			);
			name = Products;
			sourceTree = "<group>";
		};
		F403F7A71BFCD832002B7023 /* iRouming */ = {
			isa = PBXGroup;
			children = (
				F43C67211BFE04720038BD3C /* utils */,
				F43C66CD1BFD011B0038BD3C /* Model */,
				F403F7DA1BFCDA9C002B7023 /* Resources */,
				F43C66EB1BFDF0DD0038BD3C /* ImagesScreen */,
				F43C66F71BFDF22E0038BD3C /* VideosScreen */,
				F43C66FC1BFDF2810038BD3C /* JokesScreen */,
				F43C67051BFDF3000038BD3C /* GifsScreen */,
				F43C670A1BFDF3480038BD3C /* ForumScreen */,
				F43C67131BFDF3E30038BD3C /* About */,
				F43C66F01BFDF1AB0038BD3C /* CommentsScreen */,
				F43C67161BFE00380038BD3C /* Gallery */,
				F403F7A81BFCD832002B7023 /* AppDelegate.swift */,
				F403F7AE1BFCD832002B7023 /* Main.storyboard */,
				F403F7B11BFCD832002B7023 /* Assets.xcassets */,
				F403F7B31BFCD832002B7023 /* LaunchScreen.storyboard */,
				F403F7B61BFCD832002B7023 /* Info.plist */,
				F43C67241BFE05D80038BD3C /* GoogleService-Info.plist */,
				F43C67261BFE06C90038BD3C /* iRouming-Bridging-Header.h */,
				F43C672A1BFE24B30038BD3C /* CustomSHKConfigurator.swift */,
			);
			path = iRouming;
			sourceTree = "<group>";
		};
		F403F7BE1BFCD833002B7023 /* iRoumingTests */ = {
			isa = PBXGroup;
			children = (
				F403F7BF1BFCD833002B7023 /* iRoumingTests.swift */,
				F403F7C11BFCD833002B7023 /* Info.plist */,
			);
			path = iRoumingTests;
			sourceTree = "<group>";
		};
		F403F7C91BFCD833002B7023 /* iRoumingUITests */ = {
			isa = PBXGroup;
			children = (
				F403F7CA1BFCD833002B7023 /* iRoumingUITests.swift */,
				F403F7CC1BFCD833002B7023 /* Info.plist */,
			);
			path = iRoumingUITests;
			sourceTree = "<group>";
		};
		F403F7DA1BFCDA9C002B7023 /* Resources */ = {
			isa = PBXGroup;
			children = (
				F403F7DE1BFCDA9C002B7023 /* Icon512.png */,
				F403F7E01BFCDA9C002B7023 /* iRoumingSharerSettings.plist */,
				F403F7E11BFCDA9C002B7023 /* Titillium-Light.otf */,
				F403F7E21BFCDA9C002B7023 /* Titillium-Regular.otf */,
				F403F7E31BFCDA9C002B7023 /* Titillium-Semibold.otf */,
				F403F7E41BFCDA9C002B7023 /* Titillium-Thin.otf */,
				F403F7E51BFCDA9C002B7023 /* Titillium-ThinItalic.otf */,
				F403F7E61BFCDA9C002B7023 /* youtubeEmbed.html */,
			);
			path = Resources;
			sourceTree = "<group>";
		};
		F43C66CD1BFD011B0038BD3C /* Model */ = {
			isa = PBXGroup;
			children = (
				F43C66D11BFD02820038BD3C /* CommentObject.swift */,
				F43C66CF1BFD01810038BD3C /* FunnyObject.swift */,
				F43C66D31BFD23A30038BD3C /* ImageObject.swift */,
				F43C66D51BFD28610038BD3C /* JokeObject.swift */,
				F43C66D71BFD29280038BD3C /* VideoObject.swift */,
				F43C66D91BFD2B290038BD3C /* GifObject.swift */,
				F43C66DB1BFD2FC00038BD3C /* ForumPostObject.swift */,
				F43C66DD1BFD37D90038BD3C /* ForumThreadObject.swift */,
				F43C66DF1BFDD1260038BD3C /* ImagesManager.swift */,
				F43C66E11BFDD2160038BD3C /* JokesManager.swift */,
				F43C66E31BFDD38C0038BD3C /* VideosManager.swift */,
				F43C66E51BFDD42C0038BD3C /* GifsManager.swift */,
				F43C66E71BFDD4D50038BD3C /* ForumManager.swift */,
			);
			name = Model;
			sourceTree = "<group>";
		};
		F43C66EB1BFDF0DD0038BD3C /* ImagesScreen */ = {
			isa = PBXGroup;
			children = (
				F43C66EC1BFDF1130038BD3C /* ImagesViewController.swift */,
				F43C66EE1BFDF12B0038BD3C /* ImagesCell.swift */,
			);
			name = ImagesScreen;
			sourceTree = "<group>";
		};
		F43C66F01BFDF1AB0038BD3C /* CommentsScreen */ = {
			isa = PBXGroup;
			children = (
				F43C66F11BFDF1DD0038BD3C /* CommentsViewController.swift */,
				F43C66F31BFDF1F40038BD3C /* CommentableViewController.swift */,
				F43C66F51BFDF20B0038BD3C /* CommentCell.swift */,
			);
			name = CommentsScreen;
			sourceTree = "<group>";
		};
		F43C66F71BFDF22E0038BD3C /* VideosScreen */ = {
			isa = PBXGroup;
			children = (
				F43C66F81BFDF25A0038BD3C /* VideosViewController.swift */,
				F43C66FA1BFDF26A0038BD3C /* VideoCell.swift */,
			);
			name = VideosScreen;
			sourceTree = "<group>";
		};
		F43C66FC1BFDF2810038BD3C /* JokesScreen */ = {
			isa = PBXGroup;
			children = (
				F43C66FD1BFDF2AF0038BD3C /* JokesViewController.swift */,
				F43C66FF1BFDF2C50038BD3C /* JokeCell.swift */,
				F43C67011BFDF2D30038BD3C /* LoadingCell.swift */,
				F43C67031BFDF2EC0038BD3C /* AutoWidthLabel.swift */,
			);
			name = JokesScreen;
			sourceTree = "<group>";
		};
		F43C67051BFDF3000038BD3C /* GifsScreen */ = {
			isa = PBXGroup;
			children = (
				F43C67061BFDF3280038BD3C /* GifsViewController.swift */,
				F43C67081BFDF33F0038BD3C /* GifCell.swift */,
			);
			name = GifsScreen;
			sourceTree = "<group>";
		};
		F43C670A1BFDF3480038BD3C /* ForumScreen */ = {
			isa = PBXGroup;
			children = (
				F43C670B1BFDF36D0038BD3C /* ForumViewController.swift */,
				F43C670D1BFDF39C0038BD3C /* ForumThreadsViewController.swift */,
				F43C670F1BFDF3BC0038BD3C /* ForumPostCell.swift */,
				F43C67111BFDF3CF0038BD3C /* ForumThreadCell.swift */,
			);
			name = ForumScreen;
			sourceTree = "<group>";
		};
		F43C67131BFDF3E30038BD3C /* About */ = {
			isa = PBXGroup;
			children = (
				F43C67141BFDF40A0038BD3C /* AboutViewController.swift */,
			);
			name = About;
			sourceTree = "<group>";
		};
		F43C67161BFE00380038BD3C /* Gallery */ = {
			isa = PBXGroup;
			children = (
				F43C67171BFE00890038BD3C /* GalleryViewController.swift */,
				F43C67191BFE00B30038BD3C /* ImageScrollView.swift */,
				F43C671B1BFE00C50038BD3C /* GalleryLabel.swift */,
				F43C671D1BFE00EC0038BD3C /* GalleryCell.swift */,
				F43C671F1BFE01040038BD3C /* CommentsButton.swift */,
			);
			name = Gallery;
			sourceTree = "<group>";
		};
		F43C67211BFE04720038BD3C /* utils */ = {
			isa = PBXGroup;
			children = (
				F43C67221BFE048C0038BD3C /* GANTracker.swift */,
				F43C672C1BFE3D670038BD3C /* UIImageView+Alamofire.swift */,
			);
			name = utils;
			sourceTree = "<group>";
		};
/* End PBXGroup section */

/* Begin PBXNativeTarget section */
		F403F7A41BFCD832002B7023 /* iRouming */ = {
			isa = PBXNativeTarget;
			buildConfigurationList = F403F7CF1BFCD833002B7023 /* Build configuration list for PBXNativeTarget "iRouming" */;
			buildPhases = (
				02AB7B801254F62C337CD64D /* Check Pods Manifest.lock */,
				F403F7A11BFCD832002B7023 /* Sources */,
				F403F7A21BFCD832002B7023 /* Frameworks */,
				F403F7A31BFCD832002B7023 /* Resources */,
				097BA2FA74C277BC41B4D1AD /* Embed Pods Frameworks */,
				02905B9DE69A5AFB5BECA777 /* Copy Pods Resources */,
			);
			buildRules = (
			);
			dependencies = (
			);
			name = iRouming;
			productName = iRouming;
			productReference = F403F7A51BFCD832002B7023 /* iRouming.app */;
			productType = "com.apple.product-type.application";
		};
		F403F7BA1BFCD833002B7023 /* iRoumingTests */ = {
			isa = PBXNativeTarget;
			buildConfigurationList = F403F7D21BFCD833002B7023 /* Build configuration list for PBXNativeTarget "iRoumingTests" */;
			buildPhases = (
				F403F7B71BFCD833002B7023 /* Sources */,
				F403F7B81BFCD833002B7023 /* Frameworks */,
				F403F7B91BFCD833002B7023 /* Resources */,
			);
			buildRules = (
			);
			dependencies = (
				F403F7BD1BFCD833002B7023 /* PBXTargetDependency */,
			);
			name = iRoumingTests;
			productName = iRoumingTests;
			productReference = F403F7BB1BFCD833002B7023 /* iRoumingTests.xctest */;
			productType = "com.apple.product-type.bundle.unit-test";
		};
		F403F7C51BFCD833002B7023 /* iRoumingUITests */ = {
			isa = PBXNativeTarget;
			buildConfigurationList = F403F7D51BFCD833002B7023 /* Build configuration list for PBXNativeTarget "iRoumingUITests" */;
			buildPhases = (
				F403F7C21BFCD833002B7023 /* Sources */,
				F403F7C31BFCD833002B7023 /* Frameworks */,
				F403F7C41BFCD833002B7023 /* Resources */,
			);
			buildRules = (
			);
			dependencies = (
				F403F7C81BFCD833002B7023 /* PBXTargetDependency */,
			);
			name = iRoumingUITests;
			productName = iRoumingUITests;
			productReference = F403F7C61BFCD833002B7023 /* iRoumingUITests.xctest */;
			productType = "com.apple.product-type.bundle.ui-testing";
		};
/* End PBXNativeTarget section */

/* Begin PBXProject section */
		F403F79D1BFCD832002B7023 /* Project object */ = {
			isa = PBXProject;
			attributes = {
				LastSwiftUpdateCheck = 0710;
				LastUpgradeCheck = 0710;
				ORGANIZATIONNAME = "Lost Bytes";
				TargetAttributes = {
					F403F7A41BFCD832002B7023 = {
						CreatedOnToolsVersion = 7.1.1;
					};
					F403F7BA1BFCD833002B7023 = {
						CreatedOnToolsVersion = 7.1.1;
						TestTargetID = F403F7A41BFCD832002B7023;
					};
					F403F7C51BFCD833002B7023 = {
						CreatedOnToolsVersion = 7.1.1;
						TestTargetID = F403F7A41BFCD832002B7023;
					};
				};
			};
			buildConfigurationList = F403F7A01BFCD832002B7023 /* Build configuration list for PBXProject "iRouming" */;
			compatibilityVersion = "Xcode 3.2";
			developmentRegion = English;
			hasScannedForEncodings = 0;
			knownRegions = (
				en,
				Base,
			);
			mainGroup = F403F79C1BFCD832002B7023;
			productRefGroup = F403F7A61BFCD832002B7023 /* Products */;
			projectDirPath = "";
			projectRoot = "";
			targets = (
				F403F7A41BFCD832002B7023 /* iRouming */,
				F403F7BA1BFCD833002B7023 /* iRoumingTests */,
				F403F7C51BFCD833002B7023 /* iRoumingUITests */,
			);
		};
/* End PBXProject section */

/* Begin PBXResourcesBuildPhase section */
		F403F7A31BFCD832002B7023 /* Resources */ = {
			isa = PBXResourcesBuildPhase;
			buildActionMask = 2147483647;
			files = (
				F403F7F21BFCDA9C002B7023 /* youtubeEmbed.html in Resources */,
				F403F7F11BFCDA9C002B7023 /* Titillium-ThinItalic.otf in Resources */,
				F403F7F01BFCDA9C002B7023 /* Titillium-Thin.otf in Resources */,
				F403F7EE1BFCDA9C002B7023 /* Titillium-Regular.otf in Resources */,
				F403F7ED1BFCDA9C002B7023 /* Titillium-Light.otf in Resources */,
				F43C67251BFE05D80038BD3C /* GoogleService-Info.plist in Resources */,
				F403F7B51BFCD832002B7023 /* LaunchScreen.storyboard in Resources */,
				F403F7EA1BFCDA9C002B7023 /* Icon512.png in Resources */,
				F403F7EF1BFCDA9C002B7023 /* Titillium-Semibold.otf in Resources */,
				F403F7B21BFCD832002B7023 /* Assets.xcassets in Resources */,
				F403F7EC1BFCDA9C002B7023 /* iRoumingSharerSettings.plist in Resources */,
				F403F7B01BFCD832002B7023 /* Main.storyboard in Resources */,
			);
			runOnlyForDeploymentPostprocessing = 0;
		};
		F403F7B91BFCD833002B7023 /* Resources */ = {
			isa = PBXResourcesBuildPhase;
			buildActionMask = 2147483647;
			files = (
			);
			runOnlyForDeploymentPostprocessing = 0;
		};
		F403F7C41BFCD833002B7023 /* Resources */ = {
			isa = PBXResourcesBuildPhase;
			buildActionMask = 2147483647;
			files = (
			);
			runOnlyForDeploymentPostprocessing = 0;
		};
/* End PBXResourcesBuildPhase section */

/* Begin PBXShellScriptBuildPhase section */
		02905B9DE69A5AFB5BECA777 /* Copy Pods Resources */ = {
			isa = PBXShellScriptBuildPhase;
			buildActionMask = 2147483647;
			files = (
			);
			inputPaths = (
			);
			name = "Copy Pods Resources";
			outputPaths = (
			);
			runOnlyForDeploymentPostprocessing = 0;
			shellPath = /bin/sh;
			shellScript = "\"${SRCROOT}/Pods/Target Support Files/Pods-iRouming/Pods-iRouming-resources.sh\"\n";
			showEnvVarsInLog = 0;
		};
		02AB7B801254F62C337CD64D /* Check Pods Manifest.lock */ = {
			isa = PBXShellScriptBuildPhase;
			buildActionMask = 2147483647;
			files = (
			);
			inputPaths = (
			);
			name = "Check Pods Manifest.lock";
			outputPaths = (
			);
			runOnlyForDeploymentPostprocessing = 0;
			shellPath = /bin/sh;
			shellScript = "diff \"${PODS_ROOT}/../Podfile.lock\" \"${PODS_ROOT}/Manifest.lock\" > /dev/null\nif [[ $? != 0 ]] ; then\n    cat << EOM\nerror: The sandbox is not in sync with the Podfile.lock. Run 'pod install' or update your CocoaPods installation.\nEOM\n    exit 1\nfi\n";
			showEnvVarsInLog = 0;
		};
		097BA2FA74C277BC41B4D1AD /* Embed Pods Frameworks */ = {
			isa = PBXShellScriptBuildPhase;
			buildActionMask = 2147483647;
			files = (
			);
			inputPaths = (
			);
			name = "Embed Pods Frameworks";
			outputPaths = (
			);
			runOnlyForDeploymentPostprocessing = 0;
			shellPath = /bin/sh;
			shellScript = "\"${SRCROOT}/Pods/Target Support Files/Pods-iRouming/Pods-iRouming-frameworks.sh\"\n";
			showEnvVarsInLog = 0;
		};
/* End PBXShellScriptBuildPhase section */

/* Begin PBXSourcesBuildPhase section */
		F403F7A11BFCD832002B7023 /* Sources */ = {
			isa = PBXSourcesBuildPhase;
			buildActionMask = 2147483647;
			files = (
				F43C67181BFE00890038BD3C /* GalleryViewController.swift in Sources */,
				F43C66F61BFDF20B0038BD3C /* CommentCell.swift in Sources */,
				F43C66ED1BFDF1130038BD3C /* ImagesViewController.swift in Sources */,
				F43C66EF1BFDF12B0038BD3C /* ImagesCell.swift in Sources */,
				F43C66F41BFDF1F40038BD3C /* CommentableViewController.swift in Sources */,
				F43C672D1BFE3D670038BD3C /* UIImageView+Alamofire.swift in Sources */,
				F43C672B1BFE24B30038BD3C /* CustomSHKConfigurator.swift in Sources */,
				F43C66DE1BFD37D90038BD3C /* ForumThreadObject.swift in Sources */,
				F43C67091BFDF33F0038BD3C /* GifCell.swift in Sources */,
				F43C66F21BFDF1DD0038BD3C /* CommentsViewController.swift in Sources */,
				F43C66E81BFDD4D50038BD3C /* ForumManager.swift in Sources */,
				F43C66E61BFDD42C0038BD3C /* GifsManager.swift in Sources */,
				F43C66FB1BFDF26A0038BD3C /* VideoCell.swift in Sources */,
				F43C66D41BFD23A30038BD3C /* ImageObject.swift in Sources */,
				F43C671E1BFE00EC0038BD3C /* GalleryCell.swift in Sources */,
				F43C66E01BFDD1260038BD3C /* ImagesManager.swift in Sources */,
				F43C66F91BFDF25A0038BD3C /* VideosViewController.swift in Sources */,
				F43C67101BFDF3BC0038BD3C /* ForumPostCell.swift in Sources */,
				F43C67151BFDF40A0038BD3C /* AboutViewController.swift in Sources */,
				F43C671C1BFE00C50038BD3C /* GalleryLabel.swift in Sources */,
				F43C66D81BFD29280038BD3C /* VideoObject.swift in Sources */,
				F43C67121BFDF3CF0038BD3C /* ForumThreadCell.swift in Sources */,
				F43C66E21BFDD2160038BD3C /* JokesManager.swift in Sources */,
				F43C66D21BFD02820038BD3C /* CommentObject.swift in Sources */,
				F43C66FE1BFDF2AF0038BD3C /* JokesViewController.swift in Sources */,
				F43C67041BFDF2EC0038BD3C /* AutoWidthLabel.swift in Sources */,
				F43C66E41BFDD38C0038BD3C /* VideosManager.swift in Sources */,
				F43C66DC1BFD2FC00038BD3C /* ForumPostObject.swift in Sources */,
				F43C670C1BFDF36D0038BD3C /* ForumViewController.swift in Sources */,
				F43C67021BFDF2D30038BD3C /* LoadingCell.swift in Sources */,
				F403F7A91BFCD832002B7023 /* AppDelegate.swift in Sources */,
				F43C671A1BFE00B30038BD3C /* ImageScrollView.swift in Sources */,
				F43C66D61BFD28620038BD3C /* JokeObject.swift in Sources */,
				F43C66D01BFD01810038BD3C /* FunnyObject.swift in Sources */,
				F43C670E1BFDF39C0038BD3C /* ForumThreadsViewController.swift in Sources */,
				F43C66DA1BFD2B290038BD3C /* GifObject.swift in Sources */,
				F43C67001BFDF2C50038BD3C /* JokeCell.swift in Sources */,
				F43C67231BFE048C0038BD3C /* GANTracker.swift in Sources */,
				F43C67201BFE01040038BD3C /* CommentsButton.swift in Sources */,
				F43C67071BFDF3280038BD3C /* GifsViewController.swift in Sources */,
			);
			runOnlyForDeploymentPostprocessing = 0;
		};
		F403F7B71BFCD833002B7023 /* Sources */ = {
			isa = PBXSourcesBuildPhase;
			buildActionMask = 2147483647;
			files = (
				F403F7C01BFCD833002B7023 /* iRoumingTests.swift in Sources */,
			);
			runOnlyForDeploymentPostprocessing = 0;
		};
		F403F7C21BFCD833002B7023 /* Sources */ = {
			isa = PBXSourcesBuildPhase;
			buildActionMask = 2147483647;
			files = (
				F403F7CB1BFCD833002B7023 /* iRoumingUITests.swift in Sources */,
			);
			runOnlyForDeploymentPostprocessing = 0;
		};
/* End PBXSourcesBuildPhase section */

/* Begin PBXTargetDependency section */
		F403F7BD1BFCD833002B7023 /* PBXTargetDependency */ = {
			isa = PBXTargetDependency;
			target = F403F7A41BFCD832002B7023 /* iRouming */;
			targetProxy = F403F7BC1BFCD833002B7023 /* PBXContainerItemProxy */;
		};
		F403F7C81BFCD833002B7023 /* PBXTargetDependency */ = {
			isa = PBXTargetDependency;
			target = F403F7A41BFCD832002B7023 /* iRouming */;
			targetProxy = F403F7C71BFCD833002B7023 /* PBXContainerItemProxy */;
		};
/* End PBXTargetDependency section */

/* Begin PBXVariantGroup section */
		F403F7AE1BFCD832002B7023 /* Main.storyboard */ = {
			isa = PBXVariantGroup;
			children = (
				F403F7AF1BFCD832002B7023 /* Base */,
			);
			name = Main.storyboard;
			sourceTree = "<group>";
		};
		F403F7B31BFCD832002B7023 /* LaunchScreen.storyboard */ = {
			isa = PBXVariantGroup;
			children = (
				F403F7B41BFCD832002B7023 /* Base */,
			);
			name = LaunchScreen.storyboard;
			sourceTree = "<group>";
		};
/* End PBXVariantGroup section */

/* Begin XCBuildConfiguration section */
		F403F7CD1BFCD833002B7023 /* Debug */ = {
			isa = XCBuildConfiguration;
			buildSettings = {
				ALWAYS_SEARCH_USER_PATHS = NO;
				CLANG_CXX_LANGUAGE_STANDARD = "gnu++0x";
				CLANG_CXX_LIBRARY = "libc++";
				CLANG_ENABLE_MODULES = YES;
				CLANG_ENABLE_OBJC_ARC = YES;
				CLANG_WARN_BOOL_CONVERSION = YES;
				CLANG_WARN_CONSTANT_CONVERSION = YES;
				CLANG_WARN_DIRECT_OBJC_ISA_USAGE = YES_ERROR;
				CLANG_WARN_EMPTY_BODY = YES;
				CLANG_WARN_ENUM_CONVERSION = YES;
				CLANG_WARN_INT_CONVERSION = YES;
				CLANG_WARN_OBJC_ROOT_CLASS = YES_ERROR;
				CLANG_WARN_UNREACHABLE_CODE = YES;
				CLANG_WARN__DUPLICATE_METHOD_MATCH = YES;
				"CODE_SIGN_IDENTITY[sdk=iphoneos*]" = "iPhone Developer";
				COPY_PHASE_STRIP = NO;
				DEBUG_INFORMATION_FORMAT = dwarf;
				ENABLE_STRICT_OBJC_MSGSEND = YES;
				ENABLE_TESTABILITY = YES;
				GCC_C_LANGUAGE_STANDARD = gnu99;
				GCC_DYNAMIC_NO_PIC = NO;
				GCC_NO_COMMON_BLOCKS = YES;
				GCC_OPTIMIZATION_LEVEL = 0;
				GCC_PREPROCESSOR_DEFINITIONS = (
					"DEBUG=1",
					"$(inherited)",
				);
				GCC_WARN_64_TO_32_BIT_CONVERSION = YES;
				GCC_WARN_ABOUT_RETURN_TYPE = YES_ERROR;
				GCC_WARN_UNDECLARED_SELECTOR = YES;
				GCC_WARN_UNINITIALIZED_AUTOS = YES_AGGRESSIVE;
				GCC_WARN_UNUSED_FUNCTION = YES;
				GCC_WARN_UNUSED_VARIABLE = YES;
				HEADER_SEARCH_PATHS = "";
				IPHONEOS_DEPLOYMENT_TARGET = 9.1;
				MTL_ENABLE_DEBUG_INFO = YES;
				ONLY_ACTIVE_ARCH = YES;
				SDKROOT = iphoneos;
				SWIFT_OPTIMIZATION_LEVEL = "-Onone";
				USER_HEADER_SEARCH_PATHS = "Pods/**";
			};
			name = Debug;
		};
		F403F7CE1BFCD833002B7023 /* Release */ = {
			isa = XCBuildConfiguration;
			buildSettings = {
				ALWAYS_SEARCH_USER_PATHS = NO;
				CLANG_CXX_LANGUAGE_STANDARD = "gnu++0x";
				CLANG_CXX_LIBRARY = "libc++";
				CLANG_ENABLE_MODULES = YES;
				CLANG_ENABLE_OBJC_ARC = YES;
				CLANG_WARN_BOOL_CONVERSION = YES;
				CLANG_WARN_CONSTANT_CONVERSION = YES;
				CLANG_WARN_DIRECT_OBJC_ISA_USAGE = YES_ERROR;
				CLANG_WARN_EMPTY_BODY = YES;
				CLANG_WARN_ENUM_CONVERSION = YES;
				CLANG_WARN_INT_CONVERSION = YES;
				CLANG_WARN_OBJC_ROOT_CLASS = YES_ERROR;
				CLANG_WARN_UNREACHABLE_CODE = YES;
				CLANG_WARN__DUPLICATE_METHOD_MATCH = YES;
				"CODE_SIGN_IDENTITY[sdk=iphoneos*]" = "iPhone Developer";
				COPY_PHASE_STRIP = NO;
				DEBUG_INFORMATION_FORMAT = "dwarf-with-dsym";
				ENABLE_NS_ASSERTIONS = NO;
				ENABLE_STRICT_OBJC_MSGSEND = YES;
				GCC_C_LANGUAGE_STANDARD = gnu99;
				GCC_NO_COMMON_BLOCKS = YES;
				GCC_WARN_64_TO_32_BIT_CONVERSION = YES;
				GCC_WARN_ABOUT_RETURN_TYPE = YES_ERROR;
				GCC_WARN_UNDECLARED_SELECTOR = YES;
				GCC_WARN_UNINITIALIZED_AUTOS = YES_AGGRESSIVE;
				GCC_WARN_UNUSED_FUNCTION = YES;
				GCC_WARN_UNUSED_VARIABLE = YES;
				HEADER_SEARCH_PATHS = "";
				IPHONEOS_DEPLOYMENT_TARGET = 9.1;
				MTL_ENABLE_DEBUG_INFO = NO;
				SDKROOT = iphoneos;
				USER_HEADER_SEARCH_PATHS = "Pods/**";
				VALIDATE_PRODUCT = YES;
			};
			name = Release;
		};
		F403F7D01BFCD833002B7023 /* Debug */ = {
			isa = XCBuildConfiguration;
			baseConfigurationReference = 1D21169FDB49DA8B21885432 /* Pods-iRouming.debug.xcconfig */;
			buildSettings = {
				ASSETCATALOG_COMPILER_APPICON_NAME = AppIcon;
				CLANG_ENABLE_MODULES = YES;
				HEADER_SEARCH_PATHS = (
					"$(inherited)",
					"${PODS_ROOT}/Google/Headers",
					"$(inherited)",
					"\"${PODS_ROOT}/Headers/Public\"",
					"\"${PODS_ROOT}/Headers/Public/Google\"",
					"\"${PODS_ROOT}/Headers/Public/GoogleAnalytics\"",
					"\"${PODS_ROOT}/Headers/Public/GoogleInterchangeUtilities\"",
					"\"${PODS_ROOT}/Headers/Public/GoogleNetworkingUtilities\"",
					"\"${PODS_ROOT}/Headers/Public/GoogleSymbolUtilities\"",
					"\"${PODS_ROOT}/Headers/Public/GoogleUtilities\"",
					"${PODS_ROOT}/**",
				);
				INFOPLIST_FILE = iRouming/Info.plist;
				IPHONEOS_DEPLOYMENT_TARGET = 8.0;
				LD_RUNPATH_SEARCH_PATHS = "$(inherited) @executable_path/Frameworks";
				PRODUCT_BUNDLE_IDENTIFIER = lb.iphone.iRouming;
				PRODUCT_NAME = "$(TARGET_NAME)";
				SWIFT_OBJC_BRIDGING_HEADER = "iRouming/iRouming-Bridging-Header.h";
				SWIFT_OPTIMIZATION_LEVEL = "-Onone";
			};
			name = Debug;
		};
		F403F7D11BFCD833002B7023 /* Release */ = {
			isa = XCBuildConfiguration;
			baseConfigurationReference = 4DDA7D10187AB5AE86B5FAF1 /* Pods-iRouming.release.xcconfig */;
			buildSettings = {
				ASSETCATALOG_COMPILER_APPICON_NAME = AppIcon;
				CLANG_ENABLE_MODULES = YES;
				HEADER_SEARCH_PATHS = (
					"$(inherited)",
					"${PODS_ROOT}/Google/Headers",
					"$(inherited)",
					"\"${PODS_ROOT}/Headers/Public\"",
					"\"${PODS_ROOT}/Headers/Public/Google\"",
					"\"${PODS_ROOT}/Headers/Public/GoogleAnalytics\"",
					"\"${PODS_ROOT}/Headers/Public/GoogleInterchangeUtilities\"",
					"\"${PODS_ROOT}/Headers/Public/GoogleNetworkingUtilities\"",
					"\"${PODS_ROOT}/Headers/Public/GoogleSymbolUtilities\"",
					"\"${PODS_ROOT}/Headers/Public/GoogleUtilities\"",
					"${PODS_ROOT}/**",
				);
				INFOPLIST_FILE = iRouming/Info.plist;
				IPHONEOS_DEPLOYMENT_TARGET = 8.0;
				LD_RUNPATH_SEARCH_PATHS = "$(inherited) @executable_path/Frameworks";
				PRODUCT_BUNDLE_IDENTIFIER = lb.iphone.iRouming;
				PRODUCT_NAME = "$(TARGET_NAME)";
				SWIFT_OBJC_BRIDGING_HEADER = "iRouming/iRouming-Bridging-Header.h";
			};
			name = Release;
		};
		F403F7D31BFCD833002B7023 /* Debug */ = {
			isa = XCBuildConfiguration;
			buildSettings = {
				BUNDLE_LOADER = "$(TEST_HOST)";
				INFOPLIST_FILE = iRoumingTests/Info.plist;
				LD_RUNPATH_SEARCH_PATHS = "$(inherited) @executable_path/Frameworks @loader_path/Frameworks";
				PRODUCT_BUNDLE_IDENTIFIER = lb.iphone.iRoumingTests;
				PRODUCT_NAME = "$(TARGET_NAME)";
				TEST_HOST = "$(BUILT_PRODUCTS_DIR)/iRouming.app/iRouming";
			};
			name = Debug;
		};
		F403F7D41BFCD833002B7023 /* Release */ = {
			isa = XCBuildConfiguration;
			buildSettings = {
				BUNDLE_LOADER = "$(TEST_HOST)";
				INFOPLIST_FILE = iRoumingTests/Info.plist;
				LD_RUNPATH_SEARCH_PATHS = "$(inherited) @executable_path/Frameworks @loader_path/Frameworks";
				PRODUCT_BUNDLE_IDENTIFIER = lb.iphone.iRoumingTests;
				PRODUCT_NAME = "$(TARGET_NAME)";
				TEST_HOST = "$(BUILT_PRODUCTS_DIR)/iRouming.app/iRouming";
			};
			name = Release;
		};
		F403F7D61BFCD833002B7023 /* Debug */ = {
			isa = XCBuildConfiguration;
			buildSettings = {
				INFOPLIST_FILE = iRoumingUITests/Info.plist;
				LD_RUNPATH_SEARCH_PATHS = "$(inherited) @executable_path/Frameworks @loader_path/Frameworks";
				PRODUCT_BUNDLE_IDENTIFIER = lb.iphone.iRoumingUITests;
				PRODUCT_NAME = "$(TARGET_NAME)";
				TEST_TARGET_NAME = iRouming;
				USES_XCTRUNNER = YES;
			};
			name = Debug;
		};
		F403F7D71BFCD833002B7023 /* Release */ = {
			isa = XCBuildConfiguration;
			buildSettings = {
				INFOPLIST_FILE = iRoumingUITests/Info.plist;
				LD_RUNPATH_SEARCH_PATHS = "$(inherited) @executable_path/Frameworks @loader_path/Frameworks";
				PRODUCT_BUNDLE_IDENTIFIER = lb.iphone.iRoumingUITests;
				PRODUCT_NAME = "$(TARGET_NAME)";
				TEST_TARGET_NAME = iRouming;
				USES_XCTRUNNER = YES;
			};
			name = Release;
		};
/* End XCBuildConfiguration section */

/* Begin XCConfigurationList section */
		F403F7A01BFCD832002B7023 /* Build configuration list for PBXProject "iRouming" */ = {
			isa = XCConfigurationList;
			buildConfigurations = (
				F403F7CD1BFCD833002B7023 /* Debug */,
				F403F7CE1BFCD833002B7023 /* Release */,
			);
			defaultConfigurationIsVisible = 0;
			defaultConfigurationName = Release;
		};
		F403F7CF1BFCD833002B7023 /* Build configuration list for PBXNativeTarget "iRouming" */ = {
			isa = XCConfigurationList;
			buildConfigurations = (
				F403F7D01BFCD833002B7023 /* Debug */,
				F403F7D11BFCD833002B7023 /* Release */,
			);
			defaultConfigurationIsVisible = 0;
			defaultConfigurationName = Release;
		};
		F403F7D21BFCD833002B7023 /* Build configuration list for PBXNativeTarget "iRoumingTests" */ = {
			isa = XCConfigurationList;
			buildConfigurations = (
				F403F7D31BFCD833002B7023 /* Debug */,
				F403F7D41BFCD833002B7023 /* Release */,
			);
			defaultConfigurationIsVisible = 0;
			defaultConfigurationName = Release;
		};
		F403F7D51BFCD833002B7023 /* Build configuration list for PBXNativeTarget "iRoumingUITests" */ = {
			isa = XCConfigurationList;
			buildConfigurations = (
				F403F7D61BFCD833002B7023 /* Debug */,
				F403F7D71BFCD833002B7023 /* Release */,
			);
			defaultConfigurationIsVisible = 0;
			defaultConfigurationName = Release;
		};
/* End XCConfigurationList section */
	};
	rootObject = F403F79D1BFCD832002B7023 /* Project object */;
}
